
Microsoft Visual Studio Solution File, Format Version 12.00
# Visual Studio 14
VisualStudioVersion = 14.0.25123.0
MinimumVisualStudioVersion = 10.0.40219.1
Project("{FAE04EC0-301F-11D3-BF4B-00C04F79EFBC}") = "Structure helper", "Structure helper\Structure helper.csproj", "{45169CB2-AD7F-4E74-9FAE-9CAF56BB2D87}"
EndProject
Project("{FAE04EC0-301F-11D3-BF4B-00C04F79EFBC}") = "StructureHelperMVC", "StructureHelperMVC\StructureHelperMVC.csproj", "{745DCFFE-1B33-46EA-9FF9-5639C06C03A4}"
EndProject
Global
	GlobalSection(SolutionConfigurationPlatforms) = preSolution
		Debug|Any CPU = Debug|Any CPU
		Debug|x86 = Debug|x86
		Release|Any CPU = Release|Any CPU
		Release|x86 = Release|x86
	EndGlobalSection
	GlobalSection(ProjectConfigurationPlatforms) = postSolution
		{45169CB2-AD7F-4E74-9FAE-9CAF56BB2D87}.Debug|Any CPU.ActiveCfg = Debug|x86
		{45169CB2-AD7F-4E74-9FAE-9CAF56BB2D87}.Debug|x86.ActiveCfg = Debug|x86
		{45169CB2-AD7F-4E74-9FAE-9CAF56BB2D87}.Debug|x86.Build.0 = Debug|x86
		{45169CB2-AD7F-4E74-9FAE-9CAF56BB2D87}.Release|Any CPU.ActiveCfg = Release|x86
		{45169CB2-AD7F-4E74-9FAE-9CAF56BB2D87}.Release|x86.ActiveCfg = Release|x86
		{45169CB2-AD7F-4E74-9FAE-9CAF56BB2D87}.Release|x86.Build.0 = Release|x86
		{745DCFFE-1B33-46EA-9FF9-5639C06C03A4}.Debug|Any CPU.ActiveCfg = Debug|Any CPU
		{745DCFFE-1B33-46EA-9FF9-5639C06C03A4}.Debug|Any CPU.Build.0 = Debug|Any CPU
		{745DCFFE-1B33-46EA-9FF9-5639C06C03A4}.Debug|x86.ActiveCfg = Debug|Any CPU
		{745DCFFE-1B33-46EA-9FF9-5639C06C03A4}.Debug|x86.Build.0 = Debug|Any CPU
		{745DCFFE-1B33-46EA-9FF9-5639C06C03A4}.Release|Any CPU.ActiveCfg = Release|Any CPU
		{745DCFFE-1B33-46EA-9FF9-5639C06C03A4}.Release|Any CPU.Build.0 = Release|Any CPU
		{745DCFFE-1B33-46EA-9FF9-5639C06C03A4}.Release|x86.ActiveCfg = Release|Any CPU
		{745DCFFE-1B33-46EA-9FF9-5639C06C03A4}.Release|x86.Build.0 = Release|Any CPU
	EndGlobalSection
	GlobalSection(SolutionProperties) = preSolution
		HideSolutionNode = FALSE
	EndGlobalSection
EndGlobal
